
Microsoft Visual Studio Solution File, Format Version 12.00
# Visual Studio Version 17
VisualStudioVersion = 17.0.32112.339
MinimumVisualStudioVersion = 10.0.40219.1
Project("{FAE04EC0-301F-11D3-BF4B-00C04F79EFBC}") = "Task13ConsoleAPI", "Task13ConsoleAPI.csproj", "{15A611DD-4B1D-4122-A527-66AB1B7EFC31}"
EndProject
Global
	GlobalSection(SolutionConfigurationPlatforms) = preSolution
		Debug|Any CPU = Debug|Any CPU
		Release|Any CPU = Release|Any CPU
	EndGlobalSection
	GlobalSection(ProjectConfigurationPlatforms) = postSolution
		{15A611DD-4B1D-4122-A527-66AB1B7EFC31}.Debug|Any CPU.ActiveCfg = Debug|Any CPU
		{15A611DD-4B1D-4122-A527-66AB1B7EFC31}.Debug|Any CPU.Build.0 = Debug|Any CPU
		{15A611DD-4B1D-4122-A527-66AB1B7EFC31}.Release|Any CPU.ActiveCfg = Release|Any CPU
		{15A611DD-4B1D-4122-A527-66AB1B7EFC31}.Release|Any CPU.Build.0 = Release|Any CPU
	EndGlobalSection
	GlobalSection(SolutionProperties) = preSolution
		HideSolutionNode = FALSE
	EndGlobalSection
	GlobalSection(ExtensibilityGlobals) = postSolution
		SolutionGuid = {4BA26F72-E383-4720-94F5-5B455A44DC50}
	EndGlobalSection
EndGlobal
